github.com/google/uuid v1.6.0 h1:NIvaJDMOsjHA8n1jAhLSgzrAzy1Hgr+hNrb57e+94F0=
github.com/google/uuid v1.6.0/go.mod h1:TIyPZe4MgqvfeYDBFedMoGGpEw/LqOeaOT+nhxU+yHo=
github.com/tiredkangaroo/websocket v0.0.0-20241117000728-6e3b231499bf h1:FZervZH/9HUtBC1Xxj+to/BMrUmUm2oedaa/2DojaKE=
github.com/tiredkangaroo/websocket v0.0.0-20241117000728-6e3b231499bf/go.mod h1:kzR3gnf5qdlc3qRSJ7KPKCaD4/7VF2wYRyVQiZ9xxxI=
